dependencies:
- name: kube-prometheus-stack
  repository: https://prometheus-community.github.io/helm-charts
  version: 55.0.0
- name: nvidia-gpu-exporter
  repository: file://./charts/nvidia-gpu-exporter
  version: 0.1.0
- name: harbor-exporter
  repository: file://./charts/harbor-exporter
  version: 0.1.0
- name: postgres-exporter
  repository: file://./charts/postgres-exporter
  version: 0.1.0
- name: volcano-scheduler
  repository: file://./charts/volcano-scheduler
  version: 0.1.0
digest: sha256:1234567890abcdef1234567890abcdef1234567890abcdef1234567890abcdef
generated: "2024-01-01T00:00:00Z"